
Microsoft Visual Studio Solution File, Format Version 12.00
# Visual Studio Version 17
VisualStudioVersion = 17.0.31903.59
MinimumVisualStudioVersion = 10.0.40219.1
Project("{FAE04EC0-301F-11D3-BF4B-00C04F79EFBC}") = "Tomat.GameMaker", "Tomat.GameMaker\Tomat.GameMaker.csproj", "{7E5F880B-12C5-4450-BC3C-D8863DFB1D30}"
EndProject
Project("{FAE04EC0-301F-11D3-BF4B-00C04F79EFBC}") = "Tomat.GameBreaker", "Tomat.GameBreaker\Tomat.GameBreaker.csproj", "{79DA994F-AB28-45E4-BC23-E57BA792DD42}"
EndProject
Global
	GlobalSection(SolutionConfigurationPlatforms) = preSolution
		Debug|Any CPU = Debug|Any CPU
		Release|Any CPU = Release|Any CPU
	EndGlobalSection
	GlobalSection(SolutionProperties) = preSolution
		HideSolutionNode = FALSE
	EndGlobalSection
	GlobalSection(ProjectConfigurationPlatforms) = postSolution
		{7E5F880B-12C5-4450-BC3C-D8863DFB1D30}.Debug|Any CPU.ActiveCfg = Debug|Any CPU
		{7E5F880B-12C5-4450-BC3C-D8863DFB1D30}.Debug|Any CPU.Build.0 = Debug|Any CPU
		{7E5F880B-12C5-4450-BC3C-D8863DFB1D30}.Release|Any CPU.ActiveCfg = Release|Any CPU
		{7E5F880B-12C5-4450-BC3C-D8863DFB1D30}.Release|Any CPU.Build.0 = Release|Any CPU
		{79DA994F-AB28-45E4-BC23-E57BA792DD42}.Debug|Any CPU.ActiveCfg = Debug|Any CPU
		{79DA994F-AB28-45E4-BC23-E57BA792DD42}.Debug|Any CPU.Build.0 = Debug|Any CPU
		{79DA994F-AB28-45E4-BC23-E57BA792DD42}.Release|Any CPU.ActiveCfg = Release|Any CPU
		{79DA994F-AB28-45E4-BC23-E57BA792DD42}.Release|Any CPU.Build.0 = Release|Any CPU
	EndGlobalSection
EndGlobal
