
Microsoft Visual Studio Solution File, Format Version 12.00
# Visual Studio Version 17
VisualStudioVersion = 17.0.31903.59
MinimumVisualStudioVersion = 10.0.40219.1
Project("{FAE04EC0-301F-11D3-BF4B-00C04F79EFBC}") = "Tomat.GameMaker.IFF", "Tomat.GameMaker.IFF\Tomat.GameMaker.IFF.csproj", "{A9E3BB04-4C37-4590-B815-58849FA6188B}"
EndProject
Project("{FAE04EC0-301F-11D3-BF4B-00C04F79EFBC}") = "Tomat.GameMaker.Tests", "Tomat.GameMaker.Tests\Tomat.GameMaker.Tests.csproj", "{F9B742F9-8358-4494-BB7F-D57F1C0F3792}"
EndProject
Project("{FAE04EC0-301F-11D3-BF4B-00C04F79EFBC}") = "Tomat.GameMaker.Benchmarks", "Tomat.GameMaker.Benchmarks\Tomat.GameMaker.Benchmarks.csproj", "{CC24BB75-A131-4A4F-84BD-7A6705B999F9}"
EndProject
Project("{FAE04EC0-301F-11D3-BF4B-00C04F79EFBC}") = "Tomat.GameMaker.Samples", "Tomat.GameMaker.Samples\Tomat.GameMaker.Samples.csproj", "{C465DB76-3C6C-49FE-BD41-14DC31494BFE}"
EndProject
Project("{FAE04EC0-301F-11D3-BF4B-00C04F79EFBC}") = "Tomat.GameMaker.Decompiler", "Tomat.GameMaker.Decompiler\Tomat.GameMaker.Decompiler.csproj", "{53C19408-08F9-427B-9F0A-562CC0EE90B0}"
EndProject
Project("{FAE04EC0-301F-11D3-BF4B-00C04F79EFBC}") = "Tomat.GameMaker.Decompiler.CSharp", "Tomat.GameMaker.Decompiler.CSharp\Tomat.GameMaker.Decompiler.CSharp.csproj", "{5B25FAAD-DECD-4CA9-BC1E-D38EB8D26483}"
EndProject
Project("{FAE04EC0-301F-11D3-BF4B-00C04F79EFBC}") = "Tomat.GameMaker.Decompiler.Disassembler", "Tomat.GameMaker.Decompiler.Disassembler\Tomat.GameMaker.Decompiler.Disassembler.csproj", "{FEF115D1-B3D3-43E4-9A71-543362EB1300}"
EndProject
Project("{FAE04EC0-301F-11D3-BF4B-00C04F79EFBC}") = "Tomat.GameBreaker.Runner", "Tomat.GameBreaker.Runner\Tomat.GameBreaker.Runner.csproj", "{08746A2D-9DB7-4410-9646-DA0EC45B648A}"
EndProject
Global
	GlobalSection(SolutionConfigurationPlatforms) = preSolution
		Debug|Any CPU = Debug|Any CPU
		Release|Any CPU = Release|Any CPU
	EndGlobalSection
	GlobalSection(SolutionProperties) = preSolution
		HideSolutionNode = FALSE
	EndGlobalSection
	GlobalSection(ProjectConfigurationPlatforms) = postSolution
		{A9E3BB04-4C37-4590-B815-58849FA6188B}.Debug|Any CPU.ActiveCfg = Debug|Any CPU
		{A9E3BB04-4C37-4590-B815-58849FA6188B}.Debug|Any CPU.Build.0 = Debug|Any CPU
		{A9E3BB04-4C37-4590-B815-58849FA6188B}.Release|Any CPU.ActiveCfg = Release|Any CPU
		{A9E3BB04-4C37-4590-B815-58849FA6188B}.Release|Any CPU.Build.0 = Release|Any CPU
		{F9B742F9-8358-4494-BB7F-D57F1C0F3792}.Debug|Any CPU.ActiveCfg = Debug|Any CPU
		{F9B742F9-8358-4494-BB7F-D57F1C0F3792}.Debug|Any CPU.Build.0 = Debug|Any CPU
		{F9B742F9-8358-4494-BB7F-D57F1C0F3792}.Release|Any CPU.ActiveCfg = Release|Any CPU
		{F9B742F9-8358-4494-BB7F-D57F1C0F3792}.Release|Any CPU.Build.0 = Release|Any CPU
		{CC24BB75-A131-4A4F-84BD-7A6705B999F9}.Debug|Any CPU.ActiveCfg = Debug|Any CPU
		{CC24BB75-A131-4A4F-84BD-7A6705B999F9}.Debug|Any CPU.Build.0 = Debug|Any CPU
		{CC24BB75-A131-4A4F-84BD-7A6705B999F9}.Release|Any CPU.ActiveCfg = Release|Any CPU
		{CC24BB75-A131-4A4F-84BD-7A6705B999F9}.Release|Any CPU.Build.0 = Release|Any CPU
		{C465DB76-3C6C-49FE-BD41-14DC31494BFE}.Debug|Any CPU.ActiveCfg = Debug|Any CPU
		{C465DB76-3C6C-49FE-BD41-14DC31494BFE}.Debug|Any CPU.Build.0 = Debug|Any CPU
		{C465DB76-3C6C-49FE-BD41-14DC31494BFE}.Release|Any CPU.ActiveCfg = Release|Any CPU
		{C465DB76-3C6C-49FE-BD41-14DC31494BFE}.Release|Any CPU.Build.0 = Release|Any CPU
		{53C19408-08F9-427B-9F0A-562CC0EE90B0}.Debug|Any CPU.ActiveCfg = Debug|Any CPU
		{53C19408-08F9-427B-9F0A-562CC0EE90B0}.Debug|Any CPU.Build.0 = Debug|Any CPU
		{53C19408-08F9-427B-9F0A-562CC0EE90B0}.Release|Any CPU.ActiveCfg = Release|Any CPU
		{53C19408-08F9-427B-9F0A-562CC0EE90B0}.Release|Any CPU.Build.0 = Release|Any CPU
		{5B25FAAD-DECD-4CA9-BC1E-D38EB8D26483}.Debug|Any CPU.ActiveCfg = Debug|Any CPU
		{5B25FAAD-DECD-4CA9-BC1E-D38EB8D26483}.Debug|Any CPU.Build.0 = Debug|Any CPU
		{5B25FAAD-DECD-4CA9-BC1E-D38EB8D26483}.Release|Any CPU.ActiveCfg = Release|Any CPU
		{5B25FAAD-DECD-4CA9-BC1E-D38EB8D26483}.Release|Any CPU.Build.0 = Release|Any CPU
		{FEF115D1-B3D3-43E4-9A71-543362EB1300}.Debug|Any CPU.ActiveCfg = Debug|Any CPU
		{FEF115D1-B3D3-43E4-9A71-543362EB1300}.Debug|Any CPU.Build.0 = Debug|Any CPU
		{FEF115D1-B3D3-43E4-9A71-543362EB1300}.Release|Any CPU.ActiveCfg = Release|Any CPU
		{FEF115D1-B3D3-43E4-9A71-543362EB1300}.Release|Any CPU.Build.0 = Release|Any CPU
		{08746A2D-9DB7-4410-9646-DA0EC45B648A}.Debug|Any CPU.ActiveCfg = Debug|Any CPU
		{08746A2D-9DB7-4410-9646-DA0EC45B648A}.Debug|Any CPU.Build.0 = Debug|Any CPU
		{08746A2D-9DB7-4410-9646-DA0EC45B648A}.Release|Any CPU.ActiveCfg = Release|Any CPU
		{08746A2D-9DB7-4410-9646-DA0EC45B648A}.Release|Any CPU.Build.0 = Release|Any CPU
	EndGlobalSection
	GlobalSection(NestedProjects) = preSolution
	EndGlobalSection
EndGlobal
